dependencies:
- name: postgresql-ha
  repository: https://charts.bitnami.com/bitnami
  version: 8.5.2
- name: cassandra
  repository: https://charts.bitnami.com/bitnami
  version: 9.1.8
- name: kafka
  repository: https://charts.bitnami.com/bitnami
  version: 15.3.4
- name: redis
  repository: https://charts.bitnami.com/bitnami
  version: 16.4.5
digest: sha256:97317101cbc5a02b42442ecd3ae8fededc1e8f8f41d99c62530dd485b57b7405
generated: "2022-06-30T22:51:38.795424783+03:00"
